
Microsoft Visual Studio Solution File, Format Version 12.00
# Visual Studio Version 17
VisualStudioVersion = 17.9.34902.65
MinimumVisualStudioVersion = 10.0.40219.1
Project("{FAE04EC0-301F-11D3-BF4B-00C04F79EFBC}") = "Tesselation", "Tesselation.csproj", "{DFA40E67-472B-4CFB-B920-464FE6729520}"
EndProject
Global
	GlobalSection(SolutionConfigurationPlatforms) = preSolution
		Debug|Any CPU = Debug|Any CPU
		Release|Any CPU = Release|Any CPU
	EndGlobalSection
	GlobalSection(ProjectConfigurationPlatforms) = postSolution
		{DFA40E67-472B-4CFB-B920-464FE6729520}.Debug|Any CPU.ActiveCfg = Debug|Any CPU
		{DFA40E67-472B-4CFB-B920-464FE6729520}.Debug|Any CPU.Build.0 = Debug|Any CPU
		{DFA40E67-472B-4CFB-B920-464FE6729520}.Release|Any CPU.ActiveCfg = Release|Any CPU
		{DFA40E67-472B-4CFB-B920-464FE6729520}.Release|Any CPU.Build.0 = Release|Any CPU
	EndGlobalSection
	GlobalSection(SolutionProperties) = preSolution
		HideSolutionNode = FALSE
	EndGlobalSection
	GlobalSection(ExtensibilityGlobals) = postSolution
		SolutionGuid = {52136B79-90C7-423A-9B06-F1767D66D03A}
	EndGlobalSection
EndGlobal
